# This file is generated by running "yarn install" inside your project.
# Manual changes might be lost - proceed with caution!

__metadata:
  version: 6
  cacheKey: 8

"lodash@npm:^4.17.21":
  version: 4.17.21
  resolution: "lodash@npm:4.17.21::__archiveUrl=https%3A%2F%2Frepo.dev.wixpress.com%2Fartifactory%2Fapi%2Fnpm%2Fnpm-repos%2Flodash%2F-%2Flodash-4.17.21.tgz"
  checksum: eb835a2e51d381e561e508ce932ea50a8e5a68f4ebdd771ea240d3048244a8d13658acbd502cd4829768c56f2e16bdd4340b9ea141297d472517b83868e677f7
  languageName: node
  linkType: hard

"pack1@workspace:packages/pack1":
  version: 0.0.0-use.local
  resolution: "pack1@workspace:packages/pack1"
  dependencies:
    lodash: ^4.17.21
  languageName: unknown
  linkType: soft

"temppack@workspace:.":
  version: 0.0.0-use.local
  resolution: "temppack@workspace:."
  languageName: unknown
  linkType: soft
